
Microsoft Visual Studio Solution File, Format Version 12.00
# Visual Studio Version 17
VisualStudioVersion = 17.9.34622.214
MinimumVisualStudioVersion = 10.0.40219.1
Project("{9A19103F-16F7-4668-BE54-9A1E7A4F7556}") = "PicLibBot", "PicLibBot\PicLibBot.csproj", "{4625E5E6-7D6F-4FC4-A56E-C62DDE73B8F3}"
EndProject
Project("{2150E333-8FDC-42A3-9474-1A3956D46DE8}") = "Solution Items", "Solution Items", "{40590B59-8BDA-45E5-8A57-1D538C5FE954}"
	ProjectSection(SolutionItems) = preProject
		.editorconfig = .editorconfig
	EndProjectSection
EndProject
Global
	GlobalSection(SolutionConfigurationPlatforms) = preSolution
		Debug|Any CPU = Debug|Any CPU
		Release|Any CPU = Release|Any CPU
	EndGlobalSection
	GlobalSection(ProjectConfigurationPlatforms) = postSolution
		{4625E5E6-7D6F-4FC4-A56E-C62DDE73B8F3}.Debug|Any CPU.ActiveCfg = Debug|Any CPU
		{4625E5E6-7D6F-4FC4-A56E-C62DDE73B8F3}.Debug|Any CPU.Build.0 = Debug|Any CPU
		{4625E5E6-7D6F-4FC4-A56E-C62DDE73B8F3}.Release|Any CPU.ActiveCfg = Release|Any CPU
		{4625E5E6-7D6F-4FC4-A56E-C62DDE73B8F3}.Release|Any CPU.Build.0 = Release|Any CPU
	EndGlobalSection
	GlobalSection(SolutionProperties) = preSolution
		HideSolutionNode = FALSE
	EndGlobalSection
	GlobalSection(ExtensibilityGlobals) = postSolution
		SolutionGuid = {F5EBF133-5092-44F3-A3BD-DB5BC55A2F23}
	EndGlobalSection
EndGlobal
